
Microsoft Visual Studio Solution File, Format Version 12.00
# Visual Studio Version 17
VisualStudioVersion = 17.8.34511.84
MinimumVisualStudioVersion = 10.0.40219.1
Project("{9A19103F-16F7-4668-BE54-9A1E7A4F7556}") = "BankisApp", "BankisApp\BankisApp.csproj", "{906EDFCF-0EB7-428D-A405-A693F8DCBF5F}"
EndProject
Global
	GlobalSection(SolutionConfigurationPlatforms) = preSolution
		Debug|Any CPU = Debug|Any CPU
		Release|Any CPU = Release|Any CPU
	EndGlobalSection
	GlobalSection(ProjectConfigurationPlatforms) = postSolution
		{906EDFCF-0EB7-428D-A405-A693F8DCBF5F}.Debug|Any CPU.ActiveCfg = Debug|Any CPU
		{906EDFCF-0EB7-428D-A405-A693F8DCBF5F}.Debug|Any CPU.Build.0 = Debug|Any CPU
		{906EDFCF-0EB7-428D-A405-A693F8DCBF5F}.Release|Any CPU.ActiveCfg = Release|Any CPU
		{906EDFCF-0EB7-428D-A405-A693F8DCBF5F}.Release|Any CPU.Build.0 = Release|Any CPU
	EndGlobalSection
	GlobalSection(SolutionProperties) = preSolution
		HideSolutionNode = FALSE
	EndGlobalSection
	GlobalSection(ExtensibilityGlobals) = postSolution
		SolutionGuid = {7B7A2AB0-5261-4405-A5C0-9F8EBC77A9EA}
	EndGlobalSection
EndGlobal
